
Microsoft Visual Studio Solution File, Format Version 12.00
# Visual Studio Version 16
VisualStudioVersion = 16.0.31229.75
MinimumVisualStudioVersion = 10.0.40219.1
Project("{FAE04EC0-301F-11D3-BF4B-00C04F79EFBC}") = "MeTracker.Android", "MeTracker\MeTracker.Android\MeTracker.Android.csproj", "{715A66A6-2D75-4593-ACA6-15231A228DAF}"
EndProject
Project("{FAE04EC0-301F-11D3-BF4B-00C04F79EFBC}") = "MeTracker.iOS", "MeTracker\MeTracker.iOS\MeTracker.iOS.csproj", "{E2A10978-DB4D-49DF-9757-D73F17AFA021}"
EndProject
Project("{FAE04EC0-301F-11D3-BF4B-00C04F79EFBC}") = "MeTracker", "MeTracker\MeTracker\MeTracker.csproj", "{8F710466-8485-439D-82C7-8A877867623D}"
EndProject
Global
	GlobalSection(SolutionConfigurationPlatforms) = preSolution
		Debug|Any CPU = Debug|Any CPU
		Debug|ARM = Debug|ARM
		Debug|iPhone = Debug|iPhone
		Debug|iPhoneSimulator = Debug|iPhoneSimulator
		Debug|x64 = Debug|x64
		Debug|x86 = Debug|x86
		Release|Any CPU = Release|Any CPU
		Release|ARM = Release|ARM
		Release|iPhone = Release|iPhone
		Release|iPhoneSimulator = Release|iPhoneSimulator
		Release|x64 = Release|x64
		Release|x86 = Release|x86
	EndGlobalSection
	GlobalSection(ProjectConfigurationPlatforms) = postSolution
		{715A66A6-2D75-4593-ACA6-15231A228DAF}.Debug|Any CPU.ActiveCfg = Debug|Any CPU
		{715A66A6-2D75-4593-ACA6-15231A228DAF}.Debug|Any CPU.Build.0 = Debug|Any CPU
		{715A66A6-2D75-4593-ACA6-15231A228DAF}.Debug|Any CPU.Deploy.0 = Debug|Any CPU
		{715A66A6-2D75-4593-ACA6-15231A228DAF}.Debug|ARM.ActiveCfg = Debug|Any CPU
		{715A66A6-2D75-4593-ACA6-15231A228DAF}.Debug|ARM.Build.0 = Debug|Any CPU
		{715A66A6-2D75-4593-ACA6-15231A228DAF}.Debug|ARM.Deploy.0 = Debug|Any CPU
		{715A66A6-2D75-4593-ACA6-15231A228DAF}.Debug|iPhone.ActiveCfg = Debug|Any CPU
		{715A66A6-2D75-4593-ACA6-15231A228DAF}.Debug|iPhone.Build.0 = Debug|Any CPU
		{715A66A6-2D75-4593-ACA6-15231A228DAF}.Debug|iPhone.Deploy.0 = Debug|Any CPU
		{715A66A6-2D75-4593-ACA6-15231A228DAF}.Debug|iPhoneSimulator.ActiveCfg = Debug|Any CPU
		{715A66A6-2D75-4593-ACA6-15231A228DAF}.Debug|iPhoneSimulator.Build.0 = Debug|Any CPU
		{715A66A6-2D75-4593-ACA6-15231A228DAF}.Debug|iPhoneSimulator.Deploy.0 = Debug|Any CPU
		{715A66A6-2D75-4593-ACA6-15231A228DAF}.Debug|x64.ActiveCfg = Debug|Any CPU
		{715A66A6-2D75-4593-ACA6-15231A228DAF}.Debug|x64.Build.0 = Debug|Any CPU
		{715A66A6-2D75-4593-ACA6-15231A228DAF}.Debug|x64.Deploy.0 = Debug|Any CPU
		{715A66A6-2D75-4593-ACA6-15231A228DAF}.Debug|x86.ActiveCfg = Debug|Any CPU
		{715A66A6-2D75-4593-ACA6-15231A228DAF}.Debug|x86.Build.0 = Debug|Any CPU
		{715A66A6-2D75-4593-ACA6-15231A228DAF}.Debug|x86.Deploy.0 = Debug|Any CPU
		{715A66A6-2D75-4593-ACA6-15231A228DAF}.Release|Any CPU.ActiveCfg = Release|Any CPU
		{715A66A6-2D75-4593-ACA6-15231A228DAF}.Release|Any CPU.Build.0 = Release|Any CPU
		{715A66A6-2D75-4593-ACA6-15231A228DAF}.Release|Any CPU.Deploy.0 = Release|Any CPU
		{715A66A6-2D75-4593-ACA6-15231A228DAF}.Release|ARM.ActiveCfg = Release|Any CPU
		{715A66A6-2D75-4593-ACA6-15231A228DAF}.Release|ARM.Build.0 = Release|Any CPU
		{715A66A6-2D75-4593-ACA6-15231A228DAF}.Release|ARM.Deploy.0 = Release|Any CPU
		{715A66A6-2D75-4593-ACA6-15231A228DAF}.Release|iPhone.ActiveCfg = Release|Any CPU
		{715A66A6-2D75-4593-ACA6-15231A228DAF}.Release|iPhone.Build.0 = Release|Any CPU
		{715A66A6-2D75-4593-ACA6-15231A228DAF}.Release|iPhone.Deploy.0 = Release|Any CPU
		{715A66A6-2D75-4593-ACA6-15231A228DAF}.Release|iPhoneSimulator.ActiveCfg = Release|Any CPU
		{715A66A6-2D75-4593-ACA6-15231A228DAF}.Release|iPhoneSimulator.Build.0 = Release|Any CPU
		{715A66A6-2D75-4593-ACA6-15231A228DAF}.Release|iPhoneSimulator.Deploy.0 = Release|Any CPU
		{715A66A6-2D75-4593-ACA6-15231A228DAF}.Release|x64.ActiveCfg = Release|Any CPU
		{715A66A6-2D75-4593-ACA6-15231A228DAF}.Release|x64.Build.0 = Release|Any CPU
		{715A66A6-2D75-4593-ACA6-15231A228DAF}.Release|x64.Deploy.0 = Release|Any CPU
		{715A66A6-2D75-4593-ACA6-15231A228DAF}.Release|x86.ActiveCfg = Release|Any CPU
		{715A66A6-2D75-4593-ACA6-15231A228DAF}.Release|x86.Build.0 = Release|Any CPU
		{715A66A6-2D75-4593-ACA6-15231A228DAF}.Release|x86.Deploy.0 = Release|Any CPU
		{E2A10978-DB4D-49DF-9757-D73F17AFA021}.Debug|Any CPU.ActiveCfg = Debug|iPhoneSimulator
		{E2A10978-DB4D-49DF-9757-D73F17AFA021}.Debug|Any CPU.Build.0 = Debug|iPhoneSimulator
		{E2A10978-DB4D-49DF-9757-D73F17AFA021}.Debug|Any CPU.Deploy.0 = Debug|iPhoneSimulator
		{E2A10978-DB4D-49DF-9757-D73F17AFA021}.Debug|ARM.ActiveCfg = Debug|iPhone
		{E2A10978-DB4D-49DF-9757-D73F17AFA021}.Debug|ARM.Build.0 = Debug|iPhone
		{E2A10978-DB4D-49DF-9757-D73F17AFA021}.Debug|ARM.Deploy.0 = Debug|iPhone
		{E2A10978-DB4D-49DF-9757-D73F17AFA021}.Debug|iPhone.ActiveCfg = Debug|iPhone
		{E2A10978-DB4D-49DF-9757-D73F17AFA021}.Debug|iPhone.Build.0 = Debug|iPhone
		{E2A10978-DB4D-49DF-9757-D73F17AFA021}.Debug|iPhone.Deploy.0 = Debug|iPhone
		{E2A10978-DB4D-49DF-9757-D73F17AFA021}.Debug|iPhoneSimulator.ActiveCfg = Debug|iPhoneSimulator
		{E2A10978-DB4D-49DF-9757-D73F17AFA021}.Debug|iPhoneSimulator.Build.0 = Debug|iPhoneSimulator
		{E2A10978-DB4D-49DF-9757-D73F17AFA021}.Debug|iPhoneSimulator.Deploy.0 = Debug|iPhoneSimulator
		{E2A10978-DB4D-49DF-9757-D73F17AFA021}.Debug|x64.ActiveCfg = Debug|iPhoneSimulator
		{E2A10978-DB4D-49DF-9757-D73F17AFA021}.Debug|x64.Build.0 = Debug|iPhoneSimulator
		{E2A10978-DB4D-49DF-9757-D73F17AFA021}.Debug|x64.Deploy.0 = Debug|iPhoneSimulator
		{E2A10978-DB4D-49DF-9757-D73F17AFA021}.Debug|x86.ActiveCfg = Debug|iPhoneSimulator
		{E2A10978-DB4D-49DF-9757-D73F17AFA021}.Debug|x86.Build.0 = Debug|iPhoneSimulator
		{E2A10978-DB4D-49DF-9757-D73F17AFA021}.Debug|x86.Deploy.0 = Debug|iPhoneSimulator
		{E2A10978-DB4D-49DF-9757-D73F17AFA021}.Release|Any CPU.ActiveCfg = Release|iPhoneSimulator
		{E2A10978-DB4D-49DF-9757-D73F17AFA021}.Release|Any CPU.Build.0 = Release|iPhoneSimulator
		{E2A10978-DB4D-49DF-9757-D73F17AFA021}.Release|Any CPU.Deploy.0 = Release|iPhoneSimulator
		{E2A10978-DB4D-49DF-9757-D73F17AFA021}.Release|ARM.ActiveCfg = Release|iPhoneSimulator
		{E2A10978-DB4D-49DF-9757-D73F17AFA021}.Release|ARM.Build.0 = Release|iPhoneSimulator
		{E2A10978-DB4D-49DF-9757-D73F17AFA021}.Release|ARM.Deploy.0 = Release|iPhoneSimulator
		{E2A10978-DB4D-49DF-9757-D73F17AFA021}.Release|iPhone.ActiveCfg = Release|iPhone
		{E2A10978-DB4D-49DF-9757-D73F17AFA021}.Release|iPhone.Build.0 = Release|iPhone
		{E2A10978-DB4D-49DF-9757-D73F17AFA021}.Release|iPhone.Deploy.0 = Release|iPhone
		{E2A10978-DB4D-49DF-9757-D73F17AFA021}.Release|iPhoneSimulator.ActiveCfg = Release|iPhoneSimulator
		{E2A10978-DB4D-49DF-9757-D73F17AFA021}.Release|iPhoneSimulator.Build.0 = Release|iPhoneSimulator
		{E2A10978-DB4D-49DF-9757-D73F17AFA021}.Release|iPhoneSimulator.Deploy.0 = Release|iPhoneSimulator
		{E2A10978-DB4D-49DF-9757-D73F17AFA021}.Release|x64.ActiveCfg = Release|iPhoneSimulator
		{E2A10978-DB4D-49DF-9757-D73F17AFA021}.Release|x64.Build.0 = Release|iPhoneSimulator
		{E2A10978-DB4D-49DF-9757-D73F17AFA021}.Release|x64.Deploy.0 = Release|iPhoneSimulator
		{E2A10978-DB4D-49DF-9757-D73F17AFA021}.Release|x86.ActiveCfg = Release|iPhoneSimulator
		{E2A10978-DB4D-49DF-9757-D73F17AFA021}.Release|x86.Build.0 = Release|iPhoneSimulator
		{E2A10978-DB4D-49DF-9757-D73F17AFA021}.Release|x86.Deploy.0 = Release|iPhoneSimulator
		{8F710466-8485-439D-82C7-8A877867623D}.Debug|Any CPU.ActiveCfg = Debug|Any CPU
		{8F710466-8485-439D-82C7-8A877867623D}.Debug|Any CPU.Build.0 = Debug|Any CPU
		{8F710466-8485-439D-82C7-8A877867623D}.Debug|Any CPU.Deploy.0 = Debug|Any CPU
		{8F710466-8485-439D-82C7-8A877867623D}.Debug|ARM.ActiveCfg = Debug|Any CPU
		{8F710466-8485-439D-82C7-8A877867623D}.Debug|ARM.Build.0 = Debug|Any CPU
		{8F710466-8485-439D-82C7-8A877867623D}.Debug|ARM.Deploy.0 = Debug|Any CPU
		{8F710466-8485-439D-82C7-8A877867623D}.Debug|iPhone.ActiveCfg = Debug|Any CPU
		{8F710466-8485-439D-82C7-8A877867623D}.Debug|iPhone.Build.0 = Debug|Any CPU
		{8F710466-8485-439D-82C7-8A877867623D}.Debug|iPhone.Deploy.0 = Debug|Any CPU
		{8F710466-8485-439D-82C7-8A877867623D}.Debug|iPhoneSimulator.ActiveCfg = Debug|Any CPU
		{8F710466-8485-439D-82C7-8A877867623D}.Debug|iPhoneSimulator.Build.0 = Debug|Any CPU
		{8F710466-8485-439D-82C7-8A877867623D}.Debug|iPhoneSimulator.Deploy.0 = Debug|Any CPU
		{8F710466-8485-439D-82C7-8A877867623D}.Debug|x64.ActiveCfg = Debug|Any CPU
		{8F710466-8485-439D-82C7-8A877867623D}.Debug|x64.Build.0 = Debug|Any CPU
		{8F710466-8485-439D-82C7-8A877867623D}.Debug|x64.Deploy.0 = Debug|Any CPU
		{8F710466-8485-439D-82C7-8A877867623D}.Debug|x86.ActiveCfg = Debug|Any CPU
		{8F710466-8485-439D-82C7-8A877867623D}.Debug|x86.Build.0 = Debug|Any CPU
		{8F710466-8485-439D-82C7-8A877867623D}.Debug|x86.Deploy.0 = Debug|Any CPU
		{8F710466-8485-439D-82C7-8A877867623D}.Release|Any CPU.ActiveCfg = Release|Any CPU
		{8F710466-8485-439D-82C7-8A877867623D}.Release|Any CPU.Build.0 = Release|Any CPU
		{8F710466-8485-439D-82C7-8A877867623D}.Release|Any CPU.Deploy.0 = Release|Any CPU
		{8F710466-8485-439D-82C7-8A877867623D}.Release|ARM.ActiveCfg = Release|Any CPU
		{8F710466-8485-439D-82C7-8A877867623D}.Release|ARM.Build.0 = Release|Any CPU
		{8F710466-8485-439D-82C7-8A877867623D}.Release|ARM.Deploy.0 = Release|Any CPU
		{8F710466-8485-439D-82C7-8A877867623D}.Release|iPhone.ActiveCfg = Release|Any CPU
		{8F710466-8485-439D-82C7-8A877867623D}.Release|iPhone.Build.0 = Release|Any CPU
		{8F710466-8485-439D-82C7-8A877867623D}.Release|iPhone.Deploy.0 = Release|Any CPU
		{8F710466-8485-439D-82C7-8A877867623D}.Release|iPhoneSimulator.ActiveCfg = Release|Any CPU
		{8F710466-8485-439D-82C7-8A877867623D}.Release|iPhoneSimulator.Build.0 = Release|Any CPU
		{8F710466-8485-439D-82C7-8A877867623D}.Release|iPhoneSimulator.Deploy.0 = Release|Any CPU
		{8F710466-8485-439D-82C7-8A877867623D}.Release|x64.ActiveCfg = Release|Any CPU
		{8F710466-8485-439D-82C7-8A877867623D}.Release|x64.Build.0 = Release|Any CPU
		{8F710466-8485-439D-82C7-8A877867623D}.Release|x64.Deploy.0 = Release|Any CPU
		{8F710466-8485-439D-82C7-8A877867623D}.Release|x86.ActiveCfg = Release|Any CPU
		{8F710466-8485-439D-82C7-8A877867623D}.Release|x86.Build.0 = Release|Any CPU
		{8F710466-8485-439D-82C7-8A877867623D}.Release|x86.Deploy.0 = Release|Any CPU
	EndGlobalSection
	GlobalSection(SolutionProperties) = preSolution
		HideSolutionNode = FALSE
	EndGlobalSection
	GlobalSection(ExtensibilityGlobals) = postSolution
		SolutionGuid = {0066450C-B439-4A7E-B11F-3FD0EACD6FA3}
	EndGlobalSection
EndGlobal
